
Microsoft Visual Studio Solution File, Format Version 12.00
# Visual Studio Version 16
VisualStudioVersion = 16.0.30225.117
MinimumVisualStudioVersion = 10.0.40219.1
Project("{FAE04EC0-301F-11D3-BF4B-00C04F79EFBC}") = "EZInventory", "EZInventory.csproj", "{5352EC6B-B09B-4063-8199-88B38721AC45}"
EndProject
Global
	GlobalSection(SolutionConfigurationPlatforms) = preSolution
		Debug|Any CPU = Debug|Any CPU
		Release|Any CPU = Release|Any CPU
	EndGlobalSection
	GlobalSection(ProjectConfigurationPlatforms) = postSolution
		{5352EC6B-B09B-4063-8199-88B38721AC45}.Debug|Any CPU.ActiveCfg = Debug|Any CPU
		{5352EC6B-B09B-4063-8199-88B38721AC45}.Debug|Any CPU.Build.0 = Debug|Any CPU
		{5352EC6B-B09B-4063-8199-88B38721AC45}.Release|Any CPU.ActiveCfg = Release|Any CPU
		{5352EC6B-B09B-4063-8199-88B38721AC45}.Release|Any CPU.Build.0 = Release|Any CPU
	EndGlobalSection
	GlobalSection(SolutionProperties) = preSolution
		HideSolutionNode = FALSE
	EndGlobalSection
	GlobalSection(ExtensibilityGlobals) = postSolution
		SolutionGuid = {148A988E-D75C-46B4-8D79-5B3202435145}
	EndGlobalSection
EndGlobal
